
Microsoft Visual Studio Solution File, Format Version 12.00
# Visual Studio Version 17
VisualStudioVersion = 17.14.36109.1 d17.14
MinimumVisualStudioVersion = 10.0.40219.1
Project("{FAE04EC0-301F-11D3-BF4B-00C04F79EFBC}") = "ffmpeg视频处理", "ffmpeg视频处理.csproj", "{329477C5-8E83-4EAD-9AF2-C4A06828151F}"
EndProject
Global
	GlobalSection(SolutionConfigurationPlatforms) = preSolution
		Debug|Any CPU = Debug|Any CPU
		Release|Any CPU = Release|Any CPU
	EndGlobalSection
	GlobalSection(ProjectConfigurationPlatforms) = postSolution
		{329477C5-8E83-4EAD-9AF2-C4A06828151F}.Debug|Any CPU.ActiveCfg = Debug|Any CPU
		{329477C5-8E83-4EAD-9AF2-C4A06828151F}.Debug|Any CPU.Build.0 = Debug|Any CPU
		{329477C5-8E83-4EAD-9AF2-C4A06828151F}.Release|Any CPU.ActiveCfg = Release|Any CPU
		{329477C5-8E83-4EAD-9AF2-C4A06828151F}.Release|Any CPU.Build.0 = Release|Any CPU
	EndGlobalSection
	GlobalSection(SolutionProperties) = preSolution
		HideSolutionNode = FALSE
	EndGlobalSection
	GlobalSection(ExtensibilityGlobals) = postSolution
		SolutionGuid = {30AC69C9-5067-4090-83AD-FB50E2E0CFF1}
	EndGlobalSection
EndGlobal
